{
  "nodes": {
    "nixpkgs": {
      "locked": {
        "lastModified": 1645334861,
        "narHash": "sha256-We9ECiMglthzbZ5S6Myqqf+RHzBFZPoM2qL5/jDkUjs=",
        "owner": "NixOS",
        "repo": "nixpkgs",
        "rev": "d5f237872975e6fb6f76eef1368b5634ffcd266f",
        "type": "github"
      },
      "original": {
        "id": "nixpkgs",
        "type": "indirect"
      }
    },
    "nixpkgs_2": {
      "locked": {
        "lastModified": 1645334861,
        "narHash": "sha256-We9ECiMglthzbZ5S6Myqqf+RHzBFZPoM2qL5/jDkUjs=",
        "owner": "NixOS",
        "repo": "nixpkgs",
        "rev": "d5f237872975e6fb6f76eef1368b5634ffcd266f",
        "type": "github"
      },
      "original": {
        "id": "nixpkgs",
        "type": "indirect"
      }
    },
    "quasar": {
      "inputs": {
        "nixpkgs": "nixpkgs_2"
      },
      "locked": {
        "host": "git.c3pb.de",
        "lastModified": 1649186839,
        "narHash": "sha256-hYmuv40Wy302gWHvsEb8FGmMX1fxZlpq77SLE7UxQJQ=",
        "owner": "jens",
        "repo": "quasar",
        "rev": "82ebde4fe07002ba7c7a4d5bb4e21d63f30d4eef",
        "type": "gitlab"
      },
      "original": {
        "host": "git.c3pb.de",
        "owner": "jens",
        "repo": "quasar",
        "type": "gitlab"
      }
    },
    "root": {
      "inputs": {
        "nixpkgs": "nixpkgs",
        "quasar": "quasar"
      }
    }
  },
  "root": "root",
  "version": 7
}
