{
  "nodes": {
    "nixpkgs": {
      "locked": {
        "lastModified": 1649225869,
        "narHash": "sha256-u1zLtPmQzhT9mNXyM8Ey9pk7orDrIKdwooeGDEXm5xM=",
        "owner": "NixOS",
        "repo": "nixpkgs",
        "rev": "b6966d911da89e5a7301aaef8b4f0a44c77e103c",
        "type": "github"
      },
      "original": {
        "owner": "NixOS",
        "ref": "nixos-unstable",
        "repo": "nixpkgs",
        "type": "github"
      }
    },
    "nixpkgs_2": {
      "locked": {
        "lastModified": 1649225869,
        "narHash": "sha256-u1zLtPmQzhT9mNXyM8Ey9pk7orDrIKdwooeGDEXm5xM=",
        "owner": "NixOS",
        "repo": "nixpkgs",
        "rev": "b6966d911da89e5a7301aaef8b4f0a44c77e103c",
        "type": "github"
      },
      "original": {
        "owner": "NixOS",
        "ref": "nixos-unstable",
        "repo": "nixpkgs",
        "type": "github"
      }
    },
    "quasar": {
      "inputs": {
        "nixpkgs": "nixpkgs_2"
      },
      "locked": {
        "host": "git.c3pb.de",
        "lastModified": 1649454868,
        "narHash": "sha256-64pCVdiy9hHR71I1d0w3tOVTs3y8tmmkbn/B2KNaHoM=",
        "owner": "jens",
        "repo": "quasar",
        "rev": "c23144b3d2b64446575c2cecabbba11e0813c626",
        "type": "gitlab"
      },
      "original": {
        "host": "git.c3pb.de",
        "owner": "jens",
        "repo": "quasar",
        "type": "gitlab"
      }
    },
    "root": {
      "inputs": {
        "nixpkgs": "nixpkgs",
        "quasar": "quasar"
      }
    }
  },
  "root": "root",
  "version": 7
}
